// !$*UTF8*$!
{
	archiveVersion = 1;
	classes = {
	};
	objectVersion = 50;
	objects = {

/* Begin PBXBuildFile section */
		2A90FEFA58E222BC23F6BF34 /* libPods-FFPage.a in Frameworks */ = {isa = PBXBuildFile; fileRef = F7BF4E96453C22BCAD88F971 /* libPods-FFPage.a */; };
		714E73A622FD5CF900040C42 /* FFHomePageViewController.m in Sources */ = {isa = PBXBuildFile; fileRef = 714E73A522FD5CF900040C42 /* FFHomePageViewController.m */; };
		714E73AB22FD5DB700040C42 /* UIScrollView+FFPage.m in Sources */ = {isa = PBXBuildFile; fileRef = 714E73AA22FD5DB700040C42 /* UIScrollView+FFPage.m */; };
		714E73AE22FD5E1800040C42 /* FFDynamicItem.m in Sources */ = {isa = PBXBuildFile; fileRef = 714E73AD22FD5E1800040C42 /* FFDynamicItem.m */; };
		715B247F2303FD3800285E70 /* RefreshView.m in Sources */ = {isa = PBXBuildFile; fileRef = 715B247E2303FD3800285E70 /* RefreshView.m */; };
		715C5E092303E8E500B6B516 /* FFRereshView.m in Sources */ = {isa = PBXBuildFile; fileRef = 715C5E082303E8E500B6B516 /* FFRereshView.m */; };
		716C838722F8119B00BD5D67 /* AppDelegate.m in Sources */ = {isa = PBXBuildFile; fileRef = 716C838622F8119B00BD5D67 /* AppDelegate.m */; };
		716C838D22F8119B00BD5D67 /* Main.storyboard in Resources */ = {isa = PBXBuildFile; fileRef = 716C838B22F8119B00BD5D67 /* Main.storyboard */; };
		716C838F22F8119D00BD5D67 /* Assets.xcassets in Resources */ = {isa = PBXBuildFile; fileRef = 716C838E22F8119D00BD5D67 /* Assets.xcassets */; };
		716C839222F8119D00BD5D67 /* LaunchScreen.storyboard in Resources */ = {isa = PBXBuildFile; fileRef = 716C839022F8119D00BD5D67 /* LaunchScreen.storyboard */; };
		716C839522F8119D00BD5D67 /* main.m in Sources */ = {isa = PBXBuildFile; fileRef = 716C839422F8119D00BD5D67 /* main.m */; };
		716C839E22F811C300BD5D67 /* FFPageViewController.m in Sources */ = {isa = PBXBuildFile; fileRef = 716C839D22F811C300BD5D67 /* FFPageViewController.m */; };
		71DC94DD2306D1EF0058F51C /* TabViewController.m in Sources */ = {isa = PBXBuildFile; fileRef = 71DC94DC2306D1EF0058F51C /* TabViewController.m */; };
		71DCC51622FD829F00A34C00 /* HomePageViewController.m in Sources */ = {isa = PBXBuildFile; fileRef = 71DCC51522FD829F00A34C00 /* HomePageViewController.m */; };
		71DCC51922FD82B500A34C00 /* PageViewController.m in Sources */ = {isa = PBXBuildFile; fileRef = 71DCC51822FD82B500A34C00 /* PageViewController.m */; };
		71F1413022FBF8B1000715A0 /* TableViewController.m in Sources */ = {isa = PBXBuildFile; fileRef = 71F1412F22FBF8B1000715A0 /* TableViewController.m */; };
/* End PBXBuildFile section */

/* Begin PBXFileReference section */
		714E73A422FD5CF900040C42 /* FFHomePageViewController.h */ = {isa = PBXFileReference; lastKnownFileType = sourcecode.c.h; path = FFHomePageViewController.h; sourceTree = "<group>"; };
		714E73A522FD5CF900040C42 /* FFHomePageViewController.m */ = {isa = PBXFileReference; lastKnownFileType = sourcecode.c.objc; path = FFHomePageViewController.m; sourceTree = "<group>"; };
		714E73A822FD5D7300040C42 /* FFPage.h */ = {isa = PBXFileReference; lastKnownFileType = sourcecode.c.h; path = FFPage.h; sourceTree = "<group>"; };
		714E73A922FD5DB700040C42 /* UIScrollView+FFPage.h */ = {isa = PBXFileReference; lastKnownFileType = sourcecode.c.h; path = "UIScrollView+FFPage.h"; sourceTree = "<group>"; };
		714E73AA22FD5DB700040C42 /* UIScrollView+FFPage.m */ = {isa = PBXFileReference; lastKnownFileType = sourcecode.c.objc; path = "UIScrollView+FFPage.m"; sourceTree = "<group>"; };
		714E73AC22FD5E1800040C42 /* FFDynamicItem.h */ = {isa = PBXFileReference; lastKnownFileType = sourcecode.c.h; path = FFDynamicItem.h; sourceTree = "<group>"; };
		714E73AD22FD5E1800040C42 /* FFDynamicItem.m */ = {isa = PBXFileReference; lastKnownFileType = sourcecode.c.objc; path = FFDynamicItem.m; sourceTree = "<group>"; };
		715B247D2303FD3800285E70 /* RefreshView.h */ = {isa = PBXFileReference; lastKnownFileType = sourcecode.c.h; path = RefreshView.h; sourceTree = "<group>"; };
		715B247E2303FD3800285E70 /* RefreshView.m */ = {isa = PBXFileReference; lastKnownFileType = sourcecode.c.objc; path = RefreshView.m; sourceTree = "<group>"; };
		715C5E072303E8E500B6B516 /* FFRereshView.h */ = {isa = PBXFileReference; lastKnownFileType = sourcecode.c.h; path = FFRereshView.h; sourceTree = "<group>"; };
		715C5E082303E8E500B6B516 /* FFRereshView.m */ = {isa = PBXFileReference; lastKnownFileType = sourcecode.c.objc; path = FFRereshView.m; sourceTree = "<group>"; };
		716C838222F8119B00BD5D67 /* FFPage.app */ = {isa = PBXFileReference; explicitFileType = wrapper.application; includeInIndex = 0; path = FFPage.app; sourceTree = BUILT_PRODUCTS_DIR; };
		716C838522F8119B00BD5D67 /* AppDelegate.h */ = {isa = PBXFileReference; lastKnownFileType = sourcecode.c.h; path = AppDelegate.h; sourceTree = "<group>"; };
		716C838622F8119B00BD5D67 /* AppDelegate.m */ = {isa = PBXFileReference; lastKnownFileType = sourcecode.c.objc; path = AppDelegate.m; sourceTree = "<group>"; };
		716C838C22F8119B00BD5D67 /* Base */ = {isa = PBXFileReference; lastKnownFileType = file.storyboard; name = Base; path = Base.lproj/Main.storyboard; sourceTree = "<group>"; };
		716C838E22F8119D00BD5D67 /* Assets.xcassets */ = {isa = PBXFileReference; lastKnownFileType = folder.assetcatalog; path = Assets.xcassets; sourceTree = "<group>"; };
		716C839122F8119D00BD5D67 /* Base */ = {isa = PBXFileReference; lastKnownFileType = file.storyboard; name = Base; path = Base.lproj/LaunchScreen.storyboard; sourceTree = "<group>"; };
		716C839322F8119D00BD5D67 /* Info.plist */ = {isa = PBXFileReference; lastKnownFileType = text.plist.xml; path = Info.plist; sourceTree = "<group>"; };
		716C839422F8119D00BD5D67 /* main.m */ = {isa = PBXFileReference; lastKnownFileType = sourcecode.c.objc; path = main.m; sourceTree = "<group>"; };
		716C839C22F811C300BD5D67 /* FFPageViewController.h */ = {isa = PBXFileReference; lastKnownFileType = sourcecode.c.h; path = FFPageViewController.h; sourceTree = "<group>"; };
		716C839D22F811C300BD5D67 /* FFPageViewController.m */ = {isa = PBXFileReference; lastKnownFileType = sourcecode.c.objc; path = FFPageViewController.m; sourceTree = "<group>"; };
		71CC926D22FEEB2800BE2F85 /* FFPageProtocol.h */ = {isa = PBXFileReference; lastKnownFileType = sourcecode.c.h; path = FFPageProtocol.h; sourceTree = "<group>"; };
		71DC94DB2306D1EE0058F51C /* TabViewController.h */ = {isa = PBXFileReference; fileEncoding = 4; lastKnownFileType = sourcecode.c.h; path = TabViewController.h; sourceTree = "<group>"; };
		71DC94DC2306D1EF0058F51C /* TabViewController.m */ = {isa = PBXFileReference; fileEncoding = 4; lastKnownFileType = sourcecode.c.objc; path = TabViewController.m; sourceTree = "<group>"; };
		71DCC51422FD829F00A34C00 /* HomePageViewController.h */ = {isa = PBXFileReference; lastKnownFileType = sourcecode.c.h; path = HomePageViewController.h; sourceTree = "<group>"; };
		71DCC51522FD829F00A34C00 /* HomePageViewController.m */ = {isa = PBXFileReference; lastKnownFileType = sourcecode.c.objc; path = HomePageViewController.m; sourceTree = "<group>"; };
		71DCC51722FD82B500A34C00 /* PageViewController.h */ = {isa = PBXFileReference; lastKnownFileType = sourcecode.c.h; path = PageViewController.h; sourceTree = "<group>"; };
		71DCC51822FD82B500A34C00 /* PageViewController.m */ = {isa = PBXFileReference; lastKnownFileType = sourcecode.c.objc; path = PageViewController.m; sourceTree = "<group>"; };
		71F1412E22FBF8B1000715A0 /* TableViewController.h */ = {isa = PBXFileReference; lastKnownFileType = sourcecode.c.h; path = TableViewController.h; sourceTree = "<group>"; };
		71F1412F22FBF8B1000715A0 /* TableViewController.m */ = {isa = PBXFileReference; lastKnownFileType = sourcecode.c.objc; path = TableViewController.m; sourceTree = "<group>"; };
		D2E9524B095B65EE3C38B980 /* Pods-FFPage.debug.xcconfig */ = {isa = PBXFileReference; includeInIndex = 1; lastKnownFileType = text.xcconfig; name = "Pods-FFPage.debug.xcconfig"; path = "Pods/Target Support Files/Pods-FFPage/Pods-FFPage.debug.xcconfig"; sourceTree = "<group>"; };
		E012D0FD6A317855558C89B0 /* Pods-FFPage.release.xcconfig */ = {isa = PBXFileReference; includeInIndex = 1; lastKnownFileType = text.xcconfig; name = "Pods-FFPage.release.xcconfig"; path = "Pods/Target Support Files/Pods-FFPage/Pods-FFPage.release.xcconfig"; sourceTree = "<group>"; };
		F7BF4E96453C22BCAD88F971 /* libPods-FFPage.a */ = {isa = PBXFileReference; explicitFileType = archive.ar; includeInIndex = 0; path = "libPods-FFPage.a"; sourceTree = BUILT_PRODUCTS_DIR; };
/* End PBXFileReference section */

/* Begin PBXFrameworksBuildPhase section */
		716C837F22F8119B00BD5D67 /* Frameworks */ = {
			isa = PBXFrameworksBuildPhase;
			buildActionMask = 2147483647;
			files = (
				2A90FEFA58E222BC23F6BF34 /* libPods-FFPage.a in Frameworks */,
			);
			runOnlyForDeploymentPostprocessing = 0;
		};
/* End PBXFrameworksBuildPhase section */

/* Begin PBXGroup section */
		3F01A98ABE92F9E41B764775 /* Pods */ = {
			isa = PBXGroup;
			children = (
				D2E9524B095B65EE3C38B980 /* Pods-FFPage.debug.xcconfig */,
				E012D0FD6A317855558C89B0 /* Pods-FFPage.release.xcconfig */,
			);
			name = Pods;
			sourceTree = "<group>";
		};
		716C837922F8119B00BD5D67 = {
			isa = PBXGroup;
			children = (
				716C838422F8119B00BD5D67 /* FFPage */,
				716C838322F8119B00BD5D67 /* Products */,
				3F01A98ABE92F9E41B764775 /* Pods */,
				8AD0E8455C3A94832AE38D09 /* Frameworks */,
			);
			sourceTree = "<group>";
		};
		716C838322F8119B00BD5D67 /* Products */ = {
			isa = PBXGroup;
			children = (
				716C838222F8119B00BD5D67 /* FFPage.app */,
			);
			name = Products;
			sourceTree = "<group>";
		};
		716C838422F8119B00BD5D67 /* FFPage */ = {
			isa = PBXGroup;
			children = (
				716C839B22F811AB00BD5D67 /* FFPage */,
				716C838522F8119B00BD5D67 /* AppDelegate.h */,
				716C838622F8119B00BD5D67 /* AppDelegate.m */,
				716C838B22F8119B00BD5D67 /* Main.storyboard */,
				716C838E22F8119D00BD5D67 /* Assets.xcassets */,
				716C839022F8119D00BD5D67 /* LaunchScreen.storyboard */,
				716C839322F8119D00BD5D67 /* Info.plist */,
				716C839422F8119D00BD5D67 /* main.m */,
				71DC94DB2306D1EE0058F51C /* TabViewController.h */,
				71DC94DC2306D1EF0058F51C /* TabViewController.m */,
				71F1412E22FBF8B1000715A0 /* TableViewController.h */,
				71F1412F22FBF8B1000715A0 /* TableViewController.m */,
				71DCC51422FD829F00A34C00 /* HomePageViewController.h */,
				71DCC51522FD829F00A34C00 /* HomePageViewController.m */,
				71DCC51722FD82B500A34C00 /* PageViewController.h */,
				71DCC51822FD82B500A34C00 /* PageViewController.m */,
				715B247D2303FD3800285E70 /* RefreshView.h */,
				715B247E2303FD3800285E70 /* RefreshView.m */,
			);
			path = FFPage;
			sourceTree = "<group>";
		};
		716C839B22F811AB00BD5D67 /* FFPage */ = {
			isa = PBXGroup;
			children = (
				714E73A822FD5D7300040C42 /* FFPage.h */,
				719A7ECD2306C23800ACD883 /* Utils */,
				719A7ECC2306C22000ACD883 /* Refresh */,
				719A7ECB2306C1FC00ACD883 /* Controller */,
				719A7ECA2306C1D900ACD883 /* Protocol */,
			);
			path = FFPage;
			sourceTree = "<group>";
		};
		719A7ECA2306C1D900ACD883 /* Protocol */ = {
			isa = PBXGroup;
			children = (
				71CC926D22FEEB2800BE2F85 /* FFPageProtocol.h */,
			);
			path = Protocol;
			sourceTree = "<group>";
		};
		719A7ECB2306C1FC00ACD883 /* Controller */ = {
			isa = PBXGroup;
			children = (
				716C839C22F811C300BD5D67 /* FFPageViewController.h */,
				716C839D22F811C300BD5D67 /* FFPageViewController.m */,
				714E73A422FD5CF900040C42 /* FFHomePageViewController.h */,
				714E73A522FD5CF900040C42 /* FFHomePageViewController.m */,
			);
			path = Controller;
			sourceTree = "<group>";
		};
		719A7ECC2306C22000ACD883 /* Refresh */ = {
			isa = PBXGroup;
			children = (
				715C5E072303E8E500B6B516 /* FFRereshView.h */,
				715C5E082303E8E500B6B516 /* FFRereshView.m */,
			);
			path = Refresh;
			sourceTree = "<group>";
		};
		719A7ECD2306C23800ACD883 /* Utils */ = {
			isa = PBXGroup;
			children = (
				714E73A922FD5DB700040C42 /* UIScrollView+FFPage.h */,
				714E73AA22FD5DB700040C42 /* UIScrollView+FFPage.m */,
				714E73AC22FD5E1800040C42 /* FFDynamicItem.h */,
				714E73AD22FD5E1800040C42 /* FFDynamicItem.m */,
			);
			path = Utils;
			sourceTree = "<group>";
		};
		8AD0E8455C3A94832AE38D09 /* Frameworks */ = {
			isa = PBXGroup;
			children = (
				F7BF4E96453C22BCAD88F971 /* libPods-FFPage.a */,
			);
			name = Frameworks;
			sourceTree = "<group>";
		};
/* End PBXGroup section */

/* Begin PBXNativeTarget section */
		716C838122F8119B00BD5D67 /* FFPage */ = {
			isa = PBXNativeTarget;
			buildConfigurationList = 716C839822F8119D00BD5D67 /* Build configuration list for PBXNativeTarget "FFPage" */;
			buildPhases = (
				F5E67FB48B9D6ACFFF7356F3 /* [CP] Check Pods Manifest.lock */,
				716C837E22F8119B00BD5D67 /* Sources */,
				716C837F22F8119B00BD5D67 /* Frameworks */,
				716C838022F8119B00BD5D67 /* Resources */,
			);
			buildRules = (
			);
			dependencies = (
			);
			name = FFPage;
			productName = FFPage;
			productReference = 716C838222F8119B00BD5D67 /* FFPage.app */;
			productType = "com.apple.product-type.application";
		};
/* End PBXNativeTarget section */

/* Begin PBXProject section */
		716C837A22F8119B00BD5D67 /* Project object */ = {
			isa = PBXProject;
			attributes = {
				LastUpgradeCheck = 1030;
				ORGANIZATIONNAME = North;
				TargetAttributes = {
					716C838122F8119B00BD5D67 = {
						CreatedOnToolsVersion = 10.3;
					};
				};
			};
			buildConfigurationList = 716C837D22F8119B00BD5D67 /* Build configuration list for PBXProject "FFPage" */;
			compatibilityVersion = "Xcode 9.3";
			developmentRegion = en;
			hasScannedForEncodings = 0;
			knownRegions = (
				en,
				Base,
			);
			mainGroup = 716C837922F8119B00BD5D67;
			productRefGroup = 716C838322F8119B00BD5D67 /* Products */;
			projectDirPath = "";
			projectRoot = "";
			targets = (
				716C838122F8119B00BD5D67 /* FFPage */,
			);
		};
/* End PBXProject section */

/* Begin PBXResourcesBuildPhase section */
		716C838022F8119B00BD5D67 /* Resources */ = {
			isa = PBXResourcesBuildPhase;
			buildActionMask = 2147483647;
			files = (
				716C839222F8119D00BD5D67 /* LaunchScreen.storyboard in Resources */,
				716C838F22F8119D00BD5D67 /* Assets.xcassets in Resources */,
				716C838D22F8119B00BD5D67 /* Main.storyboard in Resources */,
			);
			runOnlyForDeploymentPostprocessing = 0;
		};
/* End PBXResourcesBuildPhase section */

/* Begin PBXShellScriptBuildPhase section */
		F5E67FB48B9D6ACFFF7356F3 /* [CP] Check Pods Manifest.lock */ = {
			isa = PBXShellScriptBuildPhase;
			buildActionMask = 2147483647;
			files = (
			);
			inputPaths = (
				"${PODS_PODFILE_DIR_PATH}/Podfile.lock",
				"${PODS_ROOT}/Manifest.lock",
			);
			name = "[CP] Check Pods Manifest.lock";
			outputPaths = (
				"$(DERIVED_FILE_DIR)/Pods-FFPage-checkManifestLockResult.txt",
			);
			runOnlyForDeploymentPostprocessing = 0;
			shellPath = /bin/sh;
			shellScript = "diff \"${PODS_PODFILE_DIR_PATH}/Podfile.lock\" \"${PODS_ROOT}/Manifest.lock\" > /dev/null\nif [ $? != 0 ] ; then\n    # print error to STDERR\n    echo \"error: The sandbox is not in sync with the Podfile.lock. Run 'pod install' or update your CocoaPods installation.\" >&2\n    exit 1\nfi\n# This output is used by Xcode 'outputs' to avoid re-running this script phase.\necho \"SUCCESS\" > \"${SCRIPT_OUTPUT_FILE_0}\"\n";
			showEnvVarsInLog = 0;
		};
/* End PBXShellScriptBuildPhase section */

/* Begin PBXSourcesBuildPhase section */
		716C837E22F8119B00BD5D67 /* Sources */ = {
			isa = PBXSourcesBuildPhase;
			buildActionMask = 2147483647;
			files = (
				71DC94DD2306D1EF0058F51C /* TabViewController.m in Sources */,
				716C839E22F811C300BD5D67 /* FFPageViewController.m in Sources */,
				715C5E092303E8E500B6B516 /* FFRereshView.m in Sources */,
				71DCC51622FD829F00A34C00 /* HomePageViewController.m in Sources */,
				71DCC51922FD82B500A34C00 /* PageViewController.m in Sources */,
				714E73AE22FD5E1800040C42 /* FFDynamicItem.m in Sources */,
				716C839522F8119D00BD5D67 /* main.m in Sources */,
				715B247F2303FD3800285E70 /* RefreshView.m in Sources */,
				71F1413022FBF8B1000715A0 /* TableViewController.m in Sources */,
				714E73A622FD5CF900040C42 /* FFHomePageViewController.m in Sources */,
				716C838722F8119B00BD5D67 /* AppDelegate.m in Sources */,
				714E73AB22FD5DB700040C42 /* UIScrollView+FFPage.m in Sources */,
			);
			runOnlyForDeploymentPostprocessing = 0;
		};
/* End PBXSourcesBuildPhase section */

/* Begin PBXVariantGroup section */
		716C838B22F8119B00BD5D67 /* Main.storyboard */ = {
			isa = PBXVariantGroup;
			children = (
				716C838C22F8119B00BD5D67 /* Base */,
			);
			name = Main.storyboard;
			sourceTree = "<group>";
		};
		716C839022F8119D00BD5D67 /* LaunchScreen.storyboard */ = {
			isa = PBXVariantGroup;
			children = (
				716C839122F8119D00BD5D67 /* Base */,
			);
			name = LaunchScreen.storyboard;
			sourceTree = "<group>";
		};
/* End PBXVariantGroup section */

/* Begin XCBuildConfiguration section */
		716C839622F8119D00BD5D67 /* Debug */ = {
			isa = XCBuildConfiguration;
			buildSettings = {
				ALWAYS_SEARCH_USER_PATHS = NO;
				CLANG_ANALYZER_NONNULL = YES;
				CLANG_ANALYZER_NUMBER_OBJECT_CONVERSION = YES_AGGRESSIVE;
				CLANG_CXX_LANGUAGE_STANDARD = "gnu++14";
				CLANG_CXX_LIBRARY = "libc++";
				CLANG_ENABLE_MODULES = YES;
				CLANG_ENABLE_OBJC_ARC = YES;
				CLANG_ENABLE_OBJC_WEAK = YES;
				CLANG_WARN_BLOCK_CAPTURE_AUTORELEASING = YES;
				CLANG_WARN_BOOL_CONVERSION = YES;
				CLANG_WARN_COMMA = YES;
				CLANG_WARN_CONSTANT_CONVERSION = YES;
				CLANG_WARN_DEPRECATED_OBJC_IMPLEMENTATIONS = YES;
				CLANG_WARN_DIRECT_OBJC_ISA_USAGE = YES_ERROR;
				CLANG_WARN_DOCUMENTATION_COMMENTS = YES;
				CLANG_WARN_EMPTY_BODY = YES;
				CLANG_WARN_ENUM_CONVERSION = YES;
				CLANG_WARN_INFINITE_RECURSION = YES;
				CLANG_WARN_INT_CONVERSION = YES;
				CLANG_WARN_NON_LITERAL_NULL_CONVERSION = YES;
				CLANG_WARN_OBJC_IMPLICIT_RETAIN_SELF = YES;
				CLANG_WARN_OBJC_LITERAL_CONVERSION = YES;
				CLANG_WARN_OBJC_ROOT_CLASS = YES_ERROR;
				CLANG_WARN_RANGE_LOOP_ANALYSIS = YES;
				CLANG_WARN_STRICT_PROTOTYPES = YES;
				CLANG_WARN_SUSPICIOUS_MOVE = YES;
				CLANG_WARN_UNGUARDED_AVAILABILITY = YES_AGGRESSIVE;
				CLANG_WARN_UNREACHABLE_CODE = YES;
				CLANG_WARN__DUPLICATE_METHOD_MATCH = YES;
				CODE_SIGN_IDENTITY = "iPhone Developer";
				COPY_PHASE_STRIP = NO;
				DEBUG_INFORMATION_FORMAT = dwarf;
				ENABLE_STRICT_OBJC_MSGSEND = YES;
				ENABLE_TESTABILITY = YES;
				GCC_C_LANGUAGE_STANDARD = gnu11;
				GCC_DYNAMIC_NO_PIC = NO;
				GCC_NO_COMMON_BLOCKS = YES;
				GCC_OPTIMIZATION_LEVEL = 0;
				GCC_PREPROCESSOR_DEFINITIONS = (
					"DEBUG=1",
					"$(inherited)",
				);
				GCC_WARN_64_TO_32_BIT_CONVERSION = YES;
				GCC_WARN_ABOUT_RETURN_TYPE = YES_ERROR;
				GCC_WARN_UNDECLARED_SELECTOR = YES;
				GCC_WARN_UNINITIALIZED_AUTOS = YES_AGGRESSIVE;
				GCC_WARN_UNUSED_FUNCTION = YES;
				GCC_WARN_UNUSED_VARIABLE = YES;
				IPHONEOS_DEPLOYMENT_TARGET = 12.4;
				MTL_ENABLE_DEBUG_INFO = INCLUDE_SOURCE;
				MTL_FAST_MATH = YES;
				ONLY_ACTIVE_ARCH = YES;
				SDKROOT = iphoneos;
			};
			name = Debug;
		};
		716C839722F8119D00BD5D67 /* Release */ = {
			isa = XCBuildConfiguration;
			buildSettings = {
				ALWAYS_SEARCH_USER_PATHS = NO;
				CLANG_ANALYZER_NONNULL = YES;
				CLANG_ANALYZER_NUMBER_OBJECT_CONVERSION = YES_AGGRESSIVE;
				CLANG_CXX_LANGUAGE_STANDARD = "gnu++14";
				CLANG_CXX_LIBRARY = "libc++";
				CLANG_ENABLE_MODULES = YES;
				CLANG_ENABLE_OBJC_ARC = YES;
				CLANG_ENABLE_OBJC_WEAK = YES;
				CLANG_WARN_BLOCK_CAPTURE_AUTORELEASING = YES;
				CLANG_WARN_BOOL_CONVERSION = YES;
				CLANG_WARN_COMMA = YES;
				CLANG_WARN_CONSTANT_CONVERSION = YES;
				CLANG_WARN_DEPRECATED_OBJC_IMPLEMENTATIONS = YES;
				CLANG_WARN_DIRECT_OBJC_ISA_USAGE = YES_ERROR;
				CLANG_WARN_DOCUMENTATION_COMMENTS = YES;
				CLANG_WARN_EMPTY_BODY = YES;
				CLANG_WARN_ENUM_CONVERSION = YES;
				CLANG_WARN_INFINITE_RECURSION = YES;
				CLANG_WARN_INT_CONVERSION = YES;
				CLANG_WARN_NON_LITERAL_NULL_CONVERSION = YES;
				CLANG_WARN_OBJC_IMPLICIT_RETAIN_SELF = YES;
				CLANG_WARN_OBJC_LITERAL_CONVERSION = YES;
				CLANG_WARN_OBJC_ROOT_CLASS = YES_ERROR;
				CLANG_WARN_RANGE_LOOP_ANALYSIS = YES;
				CLANG_WARN_STRICT_PROTOTYPES = YES;
				CLANG_WARN_SUSPICIOUS_MOVE = YES;
				CLANG_WARN_UNGUARDED_AVAILABILITY = YES_AGGRESSIVE;
				CLANG_WARN_UNREACHABLE_CODE = YES;
				CLANG_WARN__DUPLICATE_METHOD_MATCH = YES;
				CODE_SIGN_IDENTITY = "iPhone Developer";
				COPY_PHASE_STRIP = NO;
				DEBUG_INFORMATION_FORMAT = "dwarf-with-dsym";
				ENABLE_NS_ASSERTIONS = NO;
				ENABLE_STRICT_OBJC_MSGSEND = YES;
				GCC_C_LANGUAGE_STANDARD = gnu11;
				GCC_NO_COMMON_BLOCKS = YES;
				GCC_WARN_64_TO_32_BIT_CONVERSION = YES;
				GCC_WARN_ABOUT_RETURN_TYPE = YES_ERROR;
				GCC_WARN_UNDECLARED_SELECTOR = YES;
				GCC_WARN_UNINITIALIZED_AUTOS = YES_AGGRESSIVE;
				GCC_WARN_UNUSED_FUNCTION = YES;
				GCC_WARN_UNUSED_VARIABLE = YES;
				IPHONEOS_DEPLOYMENT_TARGET = 12.4;
				MTL_ENABLE_DEBUG_INFO = NO;
				MTL_FAST_MATH = YES;
				SDKROOT = iphoneos;
				VALIDATE_PRODUCT = YES;
			};
			name = Release;
		};
		716C839922F8119D00BD5D67 /* Debug */ = {
			isa = XCBuildConfiguration;
			baseConfigurationReference = D2E9524B095B65EE3C38B980 /* Pods-FFPage.debug.xcconfig */;
			buildSettings = {
				ASSETCATALOG_COMPILER_APPICON_NAME = AppIcon;
				CODE_SIGN_STYLE = Automatic;
				DEVELOPMENT_TEAM = CM5X9L54C5;
				INFOPLIST_FILE = FFPage/Info.plist;
				IPHONEOS_DEPLOYMENT_TARGET = 11.0;
				LD_RUNPATH_SEARCH_PATHS = (
					"$(inherited)",
					"@executable_path/Frameworks",
				);
				PRODUCT_BUNDLE_IDENTIFIER = com.magicbeans.FFPage;
				PRODUCT_NAME = "$(TARGET_NAME)";
				TARGETED_DEVICE_FAMILY = "1,2";
			};
			name = Debug;
		};
		716C839A22F8119D00BD5D67 /* Release */ = {
			isa = XCBuildConfiguration;
			baseConfigurationReference = E012D0FD6A317855558C89B0 /* Pods-FFPage.release.xcconfig */;
			buildSettings = {
				ASSETCATALOG_COMPILER_APPICON_NAME = AppIcon;
				CODE_SIGN_STYLE = Automatic;
				DEVELOPMENT_TEAM = CM5X9L54C5;
				INFOPLIST_FILE = FFPage/Info.plist;
				IPHONEOS_DEPLOYMENT_TARGET = 11.0;
				LD_RUNPATH_SEARCH_PATHS = (
					"$(inherited)",
					"@executable_path/Frameworks",
				);
				PRODUCT_BUNDLE_IDENTIFIER = com.magicbeans.FFPage;
				PRODUCT_NAME = "$(TARGET_NAME)";
				TARGETED_DEVICE_FAMILY = "1,2";
			};
			name = Release;
		};
/* End XCBuildConfiguration section */

/* Begin XCConfigurationList section */
		716C837D22F8119B00BD5D67 /* Build configuration list for PBXProject "FFPage" */ = {
			isa = XCConfigurationList;
			buildConfigurations = (
				716C839622F8119D00BD5D67 /* Debug */,
				716C839722F8119D00BD5D67 /* Release */,
			);
			defaultConfigurationIsVisible = 0;
			defaultConfigurationName = Release;
		};
		716C839822F8119D00BD5D67 /* Build configuration list for PBXNativeTarget "FFPage" */ = {
			isa = XCConfigurationList;
			buildConfigurations = (
				716C839922F8119D00BD5D67 /* Debug */,
				716C839A22F8119D00BD5D67 /* Release */,
			);
			defaultConfigurationIsVisible = 0;
			defaultConfigurationName = Release;
		};
/* End XCConfigurationList section */
	};
	rootObject = 716C837A22F8119B00BD5D67 /* Project object */;
}
